<?xml version="1.0" encoding="utf-8"?>
<Project ToolsVersion="4.0" xmlns="http://schemas.microsoft.com/developer/msbuild/2003">
  <ItemGroup>
    <ClCompile Include="Character.cpp">
      <Filter>Source Files</Filter>
    </ClCompile>
    <ClCompile Include="Mage.cpp">
      <Filter>Source Files</Filter>
    </ClCompile>
    <ClCompile Include="Main.cpp">
      <Filter>Source Files</Filter>
    </ClCompile>
    <ClCompile Include="Paladin.cpp">
      <Filter>Source Files</Filter>
    </ClCompile>
    <ClCompile Include="Warrior.cpp">
      <Filter>Source Files</Filter>
    </ClCompile>
  </ItemGroup>
  <ItemGroup>
    <ClInclude Include="Character.hpp">
      <Filter>Header Files</Filter>
    </ClInclude>
    <ClInclude Include="Game.hpp">
      <Filter>Header Files</Filter>
    </ClInclude>
    <ClInclude Include="Paladin.hpp">
      <Filter>Header Files</Filter>
    </ClInclude>
    <ClInclude Include="Mage.hpp">
      <Filter>Header Files</Filter>
    </ClInclude>
    <ClInclude Include="Warrior.hpp">
      <Filter>Header Files</Filter>
    </ClInclude>
  </ItemGroup>
  <ItemGroup>
    <Filter Include="Header Files">
      <UniqueIdentifier>{09c703cf-f94f-4dc9-b342-246de7200da0}</UniqueIdentifier>
    </Filter>
    <Filter Include="Source Files">
      <UniqueIdentifier>{1ef3b5f3-a045-4c59-a513-29549c00fc4b}</UniqueIdentifier>
    </Filter>
    <Filter Include="Resource Files">
      <UniqueIdentifier>{acbd06b0-c63f-41f5-affc-f49974a816b9}</UniqueIdentifier>
    </Filter>
  </ItemGroup>
</Project>